
Microsoft Visual Studio Solution File, Format Version 12.00
# Visual Studio 2013
VisualStudioVersion = 12.0.31101.0
MinimumVisualStudioVersion = 10.0.40219.1
Project("{FAE04EC0-301F-11D3-BF4B-00C04F79EFBC}") = "FFTTools", "FFTTools\FFTTools.csproj", "{04EBCB94-404A-474F-94CD-F58EAFFF890A}"
	ProjectSection(ProjectDependencies) = postProject
		{BEA875B8-E28A-49C5-8E7E-6512DA65F7E1} = {BEA875B8-E28A-49C5-8E7E-6512DA65F7E1}
	EndProjectSection
EndProject
Project("{FAE04EC0-301F-11D3-BF4B-00C04F79EFBC}") = "FFTWSharp", "FFTWSharp\FFTWSharp\FFTWSharp.csproj", "{BEA875B8-E28A-49C5-8E7E-6512DA65F7E1}"
EndProject
Project("{FAE04EC0-301F-11D3-BF4B-00C04F79EFBC}") = "fftzoomer", "..\fftzoomer\fftzoomer\fftzoomer.csproj", "{433A8B02-623A-4189-856E-E92A7121752A}"
	ProjectSection(ProjectDependencies) = postProject
		{04EBCB94-404A-474F-94CD-F58EAFFF890A} = {04EBCB94-404A-474F-94CD-F58EAFFF890A}
		{BEA875B8-E28A-49C5-8E7E-6512DA65F7E1} = {BEA875B8-E28A-49C5-8E7E-6512DA65F7E1}
	EndProjectSection
EndProject
Project("{2150E333-8FDC-42A3-9474-1A3956D46DE8}") = ".nuget", ".nuget", "{8D4E9052-BBB5-441E-9AD8-A56A61D57E7F}"
	ProjectSection(SolutionItems) = preProject
		.nuget\NuGet.Config = .nuget\NuGet.Config
		.nuget\NuGet.exe = .nuget\NuGet.exe
		.nuget\NuGet.targets = .nuget\NuGet.targets
	EndProjectSection
EndProject
Project("{FAE04EC0-301F-11D3-BF4B-00C04F79EFBC}") = "Steganography", "..\mssove2\Steganography\Steganography.csproj", "{7B06E3F7-7C68-4145-A313-716FDF08996F}"
	ProjectSection(ProjectDependencies) = postProject
		{04EBCB94-404A-474F-94CD-F58EAFFF890A} = {04EBCB94-404A-474F-94CD-F58EAFFF890A}
	EndProjectSection
EndProject
Project("{FAE04EC0-301F-11D3-BF4B-00C04F79EFBC}") = "Steganography.UnitTest", "..\mssove2\Steganography.UnitTest\Steganography.UnitTest.csproj", "{DAC0EE9A-164C-42D5-B1E9-37972D06AB32}"
	ProjectSection(ProjectDependencies) = postProject
		{04EBCB94-404A-474F-94CD-F58EAFFF890A} = {04EBCB94-404A-474F-94CD-F58EAFFF890A}
	EndProjectSection
EndProject
Project("{FAE04EC0-301F-11D3-BF4B-00C04F79EFBC}") = "fftzoomer.UnitTest", "..\fftzoomer\fftzoomer.UnitTest\fftzoomer.UnitTest.csproj", "{99D95FCE-A0F0-482E-89AB-E11BE650B064}"
EndProject
Project("{FAE04EC0-301F-11D3-BF4B-00C04F79EFBC}") = "FFTTools.NuGet", "FFTTools.NuGet\FFTTools.NuGet.csproj", "{0451BAEF-DF2E-4B98-8644-94EE9415E389}"
EndProject
Project("{FAE04EC0-301F-11D3-BF4B-00C04F79EFBC}") = "fftblinder", "..\fftblinder\fftblinder\fftblinder.csproj", "{9459241D-2E64-409A-997D-20EC75C88AA7}"
EndProject
Project("{FAE04EC0-301F-11D3-BF4B-00C04F79EFBC}") = "fftblinder.UnitTest", "..\fftblinder\fftblinder.UnitTest\fftblinder.UnitTest.csproj", "{E509B565-AB5F-41DC-BEBE-2D109CFC971D}"
EndProject
Project("{FAE04EC0-301F-11D3-BF4B-00C04F79EFBC}") = "fftcatcher", "..\fftcatcher\fftcatcher\fftcatcher.csproj", "{CA4C68D5-D970-4DA6-8CF2-70C308F92125}"
EndProject
Project("{FAE04EC0-301F-11D3-BF4B-00C04F79EFBC}") = "fftcatcher.UnitTest", "..\fftcatcher\fftcatcher.UnitTest\fftcatcher.UnitTest.csproj", "{C6137424-8533-4071-961D-478B7CE7C791}"
EndProject
Global
	GlobalSection(SolutionConfigurationPlatforms) = preSolution
		Debug|Any CPU = Debug|Any CPU
		Debug|x64 = Debug|x64
		Debug|x86 = Debug|x86
		Release|Any CPU = Release|Any CPU
		Release|x64 = Release|x64
		Release|x86 = Release|x86
	EndGlobalSection
	GlobalSection(ProjectConfigurationPlatforms) = postSolution
		{04EBCB94-404A-474F-94CD-F58EAFFF890A}.Debug|Any CPU.ActiveCfg = Debug|Any CPU
		{04EBCB94-404A-474F-94CD-F58EAFFF890A}.Debug|Any CPU.Build.0 = Debug|Any CPU
		{04EBCB94-404A-474F-94CD-F58EAFFF890A}.Debug|x64.ActiveCfg = Debug|Any CPU
		{04EBCB94-404A-474F-94CD-F58EAFFF890A}.Debug|x86.ActiveCfg = Debug|Any CPU
		{04EBCB94-404A-474F-94CD-F58EAFFF890A}.Release|Any CPU.ActiveCfg = Release|Any CPU
		{04EBCB94-404A-474F-94CD-F58EAFFF890A}.Release|Any CPU.Build.0 = Release|Any CPU
		{04EBCB94-404A-474F-94CD-F58EAFFF890A}.Release|x64.ActiveCfg = Release|Any CPU
		{04EBCB94-404A-474F-94CD-F58EAFFF890A}.Release|x86.ActiveCfg = Release|Any CPU
		{BEA875B8-E28A-49C5-8E7E-6512DA65F7E1}.Debug|Any CPU.ActiveCfg = Debug|Any CPU
		{BEA875B8-E28A-49C5-8E7E-6512DA65F7E1}.Debug|Any CPU.Build.0 = Debug|Any CPU
		{BEA875B8-E28A-49C5-8E7E-6512DA65F7E1}.Debug|x64.ActiveCfg = Debug|Any CPU
		{BEA875B8-E28A-49C5-8E7E-6512DA65F7E1}.Debug|x86.ActiveCfg = Debug|Any CPU
		{BEA875B8-E28A-49C5-8E7E-6512DA65F7E1}.Release|Any CPU.ActiveCfg = Release|Any CPU
		{BEA875B8-E28A-49C5-8E7E-6512DA65F7E1}.Release|Any CPU.Build.0 = Release|Any CPU
		{BEA875B8-E28A-49C5-8E7E-6512DA65F7E1}.Release|x64.ActiveCfg = Release|Any CPU
		{BEA875B8-E28A-49C5-8E7E-6512DA65F7E1}.Release|x86.ActiveCfg = Release|Any CPU
		{433A8B02-623A-4189-856E-E92A7121752A}.Debug|Any CPU.ActiveCfg = Debug|Any CPU
		{433A8B02-623A-4189-856E-E92A7121752A}.Debug|Any CPU.Build.0 = Debug|Any CPU
		{433A8B02-623A-4189-856E-E92A7121752A}.Debug|x64.ActiveCfg = Debug|Any CPU
		{433A8B02-623A-4189-856E-E92A7121752A}.Debug|x86.ActiveCfg = Debug|Any CPU
		{433A8B02-623A-4189-856E-E92A7121752A}.Release|Any CPU.ActiveCfg = Release|Any CPU
		{433A8B02-623A-4189-856E-E92A7121752A}.Release|x64.ActiveCfg = Release|Any CPU
		{433A8B02-623A-4189-856E-E92A7121752A}.Release|x86.ActiveCfg = Release|Any CPU
		{7B06E3F7-7C68-4145-A313-716FDF08996F}.Debug|Any CPU.ActiveCfg = Debug|Any CPU
		{7B06E3F7-7C68-4145-A313-716FDF08996F}.Debug|Any CPU.Build.0 = Debug|Any CPU
		{7B06E3F7-7C68-4145-A313-716FDF08996F}.Debug|x64.ActiveCfg = Debug|x64
		{7B06E3F7-7C68-4145-A313-716FDF08996F}.Debug|x64.Build.0 = Debug|x64
		{7B06E3F7-7C68-4145-A313-716FDF08996F}.Debug|x86.ActiveCfg = Debug|x86
		{7B06E3F7-7C68-4145-A313-716FDF08996F}.Debug|x86.Build.0 = Debug|x86
		{7B06E3F7-7C68-4145-A313-716FDF08996F}.Release|Any CPU.ActiveCfg = Release|Any CPU
		{7B06E3F7-7C68-4145-A313-716FDF08996F}.Release|x64.ActiveCfg = Release|x64
		{7B06E3F7-7C68-4145-A313-716FDF08996F}.Release|x64.Build.0 = Release|x64
		{7B06E3F7-7C68-4145-A313-716FDF08996F}.Release|x86.ActiveCfg = Release|x86
		{7B06E3F7-7C68-4145-A313-716FDF08996F}.Release|x86.Build.0 = Release|x86
		{DAC0EE9A-164C-42D5-B1E9-37972D06AB32}.Debug|Any CPU.ActiveCfg = Debug|Any CPU
		{DAC0EE9A-164C-42D5-B1E9-37972D06AB32}.Debug|Any CPU.Build.0 = Debug|Any CPU
		{DAC0EE9A-164C-42D5-B1E9-37972D06AB32}.Debug|x64.ActiveCfg = Debug|x64
		{DAC0EE9A-164C-42D5-B1E9-37972D06AB32}.Debug|x64.Build.0 = Debug|x64
		{DAC0EE9A-164C-42D5-B1E9-37972D06AB32}.Debug|x86.ActiveCfg = Debug|x86
		{DAC0EE9A-164C-42D5-B1E9-37972D06AB32}.Debug|x86.Build.0 = Debug|x86
		{DAC0EE9A-164C-42D5-B1E9-37972D06AB32}.Release|Any CPU.ActiveCfg = Release|Any CPU
		{DAC0EE9A-164C-42D5-B1E9-37972D06AB32}.Release|x64.ActiveCfg = Release|x64
		{DAC0EE9A-164C-42D5-B1E9-37972D06AB32}.Release|x64.Build.0 = Release|x64
		{DAC0EE9A-164C-42D5-B1E9-37972D06AB32}.Release|x86.ActiveCfg = Release|x86
		{DAC0EE9A-164C-42D5-B1E9-37972D06AB32}.Release|x86.Build.0 = Release|x86
		{99D95FCE-A0F0-482E-89AB-E11BE650B064}.Debug|Any CPU.ActiveCfg = Debug|Any CPU
		{99D95FCE-A0F0-482E-89AB-E11BE650B064}.Debug|Any CPU.Build.0 = Debug|Any CPU
		{99D95FCE-A0F0-482E-89AB-E11BE650B064}.Debug|x64.ActiveCfg = Debug|Any CPU
		{99D95FCE-A0F0-482E-89AB-E11BE650B064}.Debug|x86.ActiveCfg = Debug|Any CPU
		{99D95FCE-A0F0-482E-89AB-E11BE650B064}.Release|Any CPU.ActiveCfg = Release|Any CPU
		{99D95FCE-A0F0-482E-89AB-E11BE650B064}.Release|x64.ActiveCfg = Release|Any CPU
		{99D95FCE-A0F0-482E-89AB-E11BE650B064}.Release|x86.ActiveCfg = Release|Any CPU
		{0451BAEF-DF2E-4B98-8644-94EE9415E389}.Debug|Any CPU.ActiveCfg = Debug|Any CPU
		{0451BAEF-DF2E-4B98-8644-94EE9415E389}.Debug|Any CPU.Build.0 = Debug|Any CPU
		{0451BAEF-DF2E-4B98-8644-94EE9415E389}.Debug|x64.ActiveCfg = Debug|Any CPU
		{0451BAEF-DF2E-4B98-8644-94EE9415E389}.Debug|x86.ActiveCfg = Debug|Any CPU
		{0451BAEF-DF2E-4B98-8644-94EE9415E389}.Release|Any CPU.ActiveCfg = Release|Any CPU
		{0451BAEF-DF2E-4B98-8644-94EE9415E389}.Release|x64.ActiveCfg = Release|Any CPU
		{0451BAEF-DF2E-4B98-8644-94EE9415E389}.Release|x86.ActiveCfg = Release|Any CPU
		{9459241D-2E64-409A-997D-20EC75C88AA7}.Debug|Any CPU.ActiveCfg = Debug|Any CPU
		{9459241D-2E64-409A-997D-20EC75C88AA7}.Debug|Any CPU.Build.0 = Debug|Any CPU
		{9459241D-2E64-409A-997D-20EC75C88AA7}.Debug|x64.ActiveCfg = Debug|Any CPU
		{9459241D-2E64-409A-997D-20EC75C88AA7}.Debug|x86.ActiveCfg = Debug|Any CPU
		{9459241D-2E64-409A-997D-20EC75C88AA7}.Release|Any CPU.ActiveCfg = Release|Any CPU
		{9459241D-2E64-409A-997D-20EC75C88AA7}.Release|x64.ActiveCfg = Release|Any CPU
		{9459241D-2E64-409A-997D-20EC75C88AA7}.Release|x86.ActiveCfg = Release|Any CPU
		{E509B565-AB5F-41DC-BEBE-2D109CFC971D}.Debug|Any CPU.ActiveCfg = Debug|Any CPU
		{E509B565-AB5F-41DC-BEBE-2D109CFC971D}.Debug|Any CPU.Build.0 = Debug|Any CPU
		{E509B565-AB5F-41DC-BEBE-2D109CFC971D}.Debug|x64.ActiveCfg = Debug|Any CPU
		{E509B565-AB5F-41DC-BEBE-2D109CFC971D}.Debug|x86.ActiveCfg = Debug|Any CPU
		{E509B565-AB5F-41DC-BEBE-2D109CFC971D}.Release|Any CPU.ActiveCfg = Release|Any CPU
		{E509B565-AB5F-41DC-BEBE-2D109CFC971D}.Release|x64.ActiveCfg = Release|Any CPU
		{E509B565-AB5F-41DC-BEBE-2D109CFC971D}.Release|x86.ActiveCfg = Release|Any CPU
		{CA4C68D5-D970-4DA6-8CF2-70C308F92125}.Debug|Any CPU.ActiveCfg = Debug|Any CPU
		{CA4C68D5-D970-4DA6-8CF2-70C308F92125}.Debug|Any CPU.Build.0 = Debug|Any CPU
		{CA4C68D5-D970-4DA6-8CF2-70C308F92125}.Debug|x64.ActiveCfg = Debug|Any CPU
		{CA4C68D5-D970-4DA6-8CF2-70C308F92125}.Debug|x86.ActiveCfg = Debug|Any CPU
		{CA4C68D5-D970-4DA6-8CF2-70C308F92125}.Release|Any CPU.ActiveCfg = Release|Any CPU
		{CA4C68D5-D970-4DA6-8CF2-70C308F92125}.Release|x64.ActiveCfg = Release|Any CPU
		{CA4C68D5-D970-4DA6-8CF2-70C308F92125}.Release|x86.ActiveCfg = Release|Any CPU
		{C6137424-8533-4071-961D-478B7CE7C791}.Debug|Any CPU.ActiveCfg = Debug|Any CPU
		{C6137424-8533-4071-961D-478B7CE7C791}.Debug|Any CPU.Build.0 = Debug|Any CPU
		{C6137424-8533-4071-961D-478B7CE7C791}.Debug|x64.ActiveCfg = Debug|Any CPU
		{C6137424-8533-4071-961D-478B7CE7C791}.Debug|x86.ActiveCfg = Debug|Any CPU
		{C6137424-8533-4071-961D-478B7CE7C791}.Release|Any CPU.ActiveCfg = Release|Any CPU
		{C6137424-8533-4071-961D-478B7CE7C791}.Release|x64.ActiveCfg = Release|Any CPU
		{C6137424-8533-4071-961D-478B7CE7C791}.Release|x86.ActiveCfg = Release|Any CPU
	EndGlobalSection
	GlobalSection(SolutionProperties) = preSolution
		HideSolutionNode = FALSE
	EndGlobalSection
EndGlobal
